
Microsoft Visual Studio Solution File, Format Version 12.00
# Visual Studio Version 17
VisualStudioVersion = 17.6.33829.357
MinimumVisualStudioVersion = 10.0.40219.1
Project("{FAE04EC0-301F-11D3-BF4B-00C04F79EFBC}") = "WebApplication1", "WebApplication1.csproj", "{F9102636-05E6-453F-A738-AACB5932D4D8}"
EndProject
Global
	GlobalSection(SolutionConfigurationPlatforms) = preSolution
		Debug|Any CPU = Debug|Any CPU
		Release|Any CPU = Release|Any CPU
	EndGlobalSection
	GlobalSection(ProjectConfigurationPlatforms) = postSolution
		{F9102636-05E6-453F-A738-AACB5932D4D8}.Debug|Any CPU.ActiveCfg = Debug|Any CPU
		{F9102636-05E6-453F-A738-AACB5932D4D8}.Debug|Any CPU.Build.0 = Debug|Any CPU
		{F9102636-05E6-453F-A738-AACB5932D4D8}.Release|Any CPU.ActiveCfg = Release|Any CPU
		{F9102636-05E6-453F-A738-AACB5932D4D8}.Release|Any CPU.Build.0 = Release|Any CPU
	EndGlobalSection
	GlobalSection(SolutionProperties) = preSolution
		HideSolutionNode = FALSE
	EndGlobalSection
	GlobalSection(ExtensibilityGlobals) = postSolution
		SolutionGuid = {6A684DAC-613D-4B5A-975E-26F3C536B8F3}
	EndGlobalSection
EndGlobal
